// !$*UTF8*$!
{
	archiveVersion = 1;
	classes = {
	};
	objectVersion = 55;
	objects = {

/* Begin PBXBuildFile section */
		161D6960280F3EEC00AE1AAA /* AppDelegate.swift in Sources */ = {isa = PBXBuildFile; fileRef = 161D695F280F3EEC00AE1AAA /* AppDelegate.swift */; };
		161D6962280F3EEC00AE1AAA /* SceneDelegate.swift in Sources */ = {isa = PBXBuildFile; fileRef = 161D6961280F3EEC00AE1AAA /* SceneDelegate.swift */; };
		161D6964280F3EEC00AE1AAA /* StartPageViewController.swift in Sources */ = {isa = PBXBuildFile; fileRef = 161D6963280F3EEC00AE1AAA /* StartPageViewController.swift */; };
		161D6967280F3EEC00AE1AAA /* Main.storyboard in Resources */ = {isa = PBXBuildFile; fileRef = 161D6965280F3EEC00AE1AAA /* Main.storyboard */; };
		161D6969280F3EED00AE1AAA /* Assets.xcassets in Resources */ = {isa = PBXBuildFile; fileRef = 161D6968280F3EED00AE1AAA /* Assets.xcassets */; };
		161D696C280F3EED00AE1AAA /* LaunchScreen.storyboard in Resources */ = {isa = PBXBuildFile; fileRef = 161D696A280F3EED00AE1AAA /* LaunchScreen.storyboard */; };
		16C2DBED2811C185007F3F09 /* jobListingViewController.swift in Sources */ = {isa = PBXBuildFile; fileRef = 16C2DBEC2811C185007F3F09 /* jobListingViewController.swift */; };
		16C2DBEF2811C960007F3F09 /* categoryViewController.swift in Sources */ = {isa = PBXBuildFile; fileRef = 16C2DBEE2811C960007F3F09 /* categoryViewController.swift */; };
		16C2DBF12811D92D007F3F09 /* ApplicationViewController.swift in Sources */ = {isa = PBXBuildFile; fileRef = 16C2DBF02811D92D007F3F09 /* ApplicationViewController.swift */; };
		16C2DBF52811FB66007F3F09 /* GoogleService-Info.plist in Resources */ = {isa = PBXBuildFile; fileRef = 16C2DBF42811FB66007F3F09 /* GoogleService-Info.plist */; };
		16C2DBF7281361F9007F3F09 /* accountViewController.swift in Sources */ = {isa = PBXBuildFile; fileRef = 16C2DBF6281361F9007F3F09 /* accountViewController.swift */; };
		16C2DBF928139014007F3F09 /* signUpViewController.swift in Sources */ = {isa = PBXBuildFile; fileRef = 16C2DBF828139014007F3F09 /* signUpViewController.swift */; };
		16C2DBFB2813901D007F3F09 /* loginViewController.swift in Sources */ = {isa = PBXBuildFile; fileRef = 16C2DBFA2813901D007F3F09 /* loginViewController.swift */; };
		16C2DBFD28148256007F3F09 /* Utilities.swift in Sources */ = {isa = PBXBuildFile; fileRef = 16C2DBFC28148256007F3F09 /* Utilities.swift */; };
		16C2DC03281486A6007F3F09 /* FirebaseAuth in Frameworks */ = {isa = PBXBuildFile; productRef = 16C2DC02281486A6007F3F09 /* FirebaseAuth */; };
		16C2DC05281486A6007F3F09 /* FirebaseDatabase in Frameworks */ = {isa = PBXBuildFile; productRef = 16C2DC04281486A6007F3F09 /* FirebaseDatabase */; };
		16C2DC07281486A6007F3F09 /* FirebaseFirestore in Frameworks */ = {isa = PBXBuildFile; productRef = 16C2DC06281486A6007F3F09 /* FirebaseFirestore */; };
		16C2DC09281486A6007F3F09 /* FirebaseStorage in Frameworks */ = {isa = PBXBuildFile; productRef = 16C2DC08281486A6007F3F09 /* FirebaseStorage */; };
		16C2DC0B2814ADEC007F3F09 /* Constants.swift in Sources */ = {isa = PBXBuildFile; fileRef = 16C2DC0A2814ADEC007F3F09 /* Constants.swift */; };
		16C2DC1128160E3C007F3F09 /* accountDetails.swift in Sources */ = {isa = PBXBuildFile; fileRef = 16C2DC1028160E3C007F3F09 /* accountDetails.swift */; };
		16C2DC1328173926007F3F09 /* jobListing.swift in Sources */ = {isa = PBXBuildFile; fileRef = 16C2DC1228173926007F3F09 /* jobListing.swift */; };
		16C2DC1528173B81007F3F09 /* viewModel.swift in Sources */ = {isa = PBXBuildFile; fileRef = 16C2DC1428173B81007F3F09 /* viewModel.swift */; };
/* End PBXBuildFile section */

/* Begin PBXFileReference section */
		161D695C280F3EEC00AE1AAA /* AryanBishtApp.app */ = {isa = PBXFileReference; explicitFileType = wrapper.application; includeInIndex = 0; path = AryanBishtApp.app; sourceTree = BUILT_PRODUCTS_DIR; };
		161D695F280F3EEC00AE1AAA /* AppDelegate.swift */ = {isa = PBXFileReference; lastKnownFileType = sourcecode.swift; path = AppDelegate.swift; sourceTree = "<group>"; };
		161D6961280F3EEC00AE1AAA /* SceneDelegate.swift */ = {isa = PBXFileReference; lastKnownFileType = sourcecode.swift; path = SceneDelegate.swift; sourceTree = "<group>"; };
		161D6963280F3EEC00AE1AAA /* StartPageViewController.swift */ = {isa = PBXFileReference; lastKnownFileType = sourcecode.swift; path = StartPageViewController.swift; sourceTree = "<group>"; };
		161D6966280F3EEC00AE1AAA /* Base */ = {isa = PBXFileReference; lastKnownFileType = file.storyboard; name = Base; path = Base.lproj/Main.storyboard; sourceTree = "<group>"; };
		161D6968280F3EED00AE1AAA /* Assets.xcassets */ = {isa = PBXFileReference; lastKnownFileType = folder.assetcatalog; path = Assets.xcassets; sourceTree = "<group>"; };
		161D696B280F3EED00AE1AAA /* Base */ = {isa = PBXFileReference; lastKnownFileType = file.storyboard; name = Base; path = Base.lproj/LaunchScreen.storyboard; sourceTree = "<group>"; };
		161D696D280F3EED00AE1AAA /* Info.plist */ = {isa = PBXFileReference; lastKnownFileType = text.plist.xml; path = Info.plist; sourceTree = "<group>"; };
		16C2DBEC2811C185007F3F09 /* jobListingViewController.swift */ = {isa = PBXFileReference; lastKnownFileType = sourcecode.swift; path = jobListingViewController.swift; sourceTree = "<group>"; };
		16C2DBEE2811C960007F3F09 /* categoryViewController.swift */ = {isa = PBXFileReference; lastKnownFileType = sourcecode.swift; path = categoryViewController.swift; sourceTree = "<group>"; };
		16C2DBF02811D92D007F3F09 /* ApplicationViewController.swift */ = {isa = PBXFileReference; lastKnownFileType = sourcecode.swift; path = ApplicationViewController.swift; sourceTree = "<group>"; };
		16C2DBF42811FB66007F3F09 /* GoogleService-Info.plist */ = {isa = PBXFileReference; fileEncoding = 4; lastKnownFileType = text.plist.xml; path = "GoogleService-Info.plist"; sourceTree = "<group>"; };
		16C2DBF6281361F9007F3F09 /* accountViewController.swift */ = {isa = PBXFileReference; lastKnownFileType = sourcecode.swift; path = accountViewController.swift; sourceTree = "<group>"; };
		16C2DBF828139014007F3F09 /* signUpViewController.swift */ = {isa = PBXFileReference; lastKnownFileType = sourcecode.swift; path = signUpViewController.swift; sourceTree = "<group>"; };
		16C2DBFA2813901D007F3F09 /* loginViewController.swift */ = {isa = PBXFileReference; lastKnownFileType = sourcecode.swift; path = loginViewController.swift; sourceTree = "<group>"; };
		16C2DBFC28148256007F3F09 /* Utilities.swift */ = {isa = PBXFileReference; fileEncoding = 4; lastKnownFileType = sourcecode.swift; path = Utilities.swift; sourceTree = "<group>"; };
		16C2DC0A2814ADEC007F3F09 /* Constants.swift */ = {isa = PBXFileReference; lastKnownFileType = sourcecode.swift; path = Constants.swift; sourceTree = "<group>"; };
		16C2DC1028160E3C007F3F09 /* accountDetails.swift */ = {isa = PBXFileReference; lastKnownFileType = sourcecode.swift; path = accountDetails.swift; sourceTree = "<group>"; };
		16C2DC1228173926007F3F09 /* jobListing.swift */ = {isa = PBXFileReference; lastKnownFileType = sourcecode.swift; path = jobListing.swift; sourceTree = "<group>"; };
		16C2DC1428173B81007F3F09 /* viewModel.swift */ = {isa = PBXFileReference; lastKnownFileType = sourcecode.swift; path = viewModel.swift; sourceTree = "<group>"; };
/* End PBXFileReference section */

/* Begin PBXFrameworksBuildPhase section */
		161D6959280F3EEC00AE1AAA /* Frameworks */ = {
			isa = PBXFrameworksBuildPhase;
			buildActionMask = 2147483647;
			files = (
				16C2DC05281486A6007F3F09 /* FirebaseDatabase in Frameworks */,
				16C2DC09281486A6007F3F09 /* FirebaseStorage in Frameworks */,
				16C2DC03281486A6007F3F09 /* FirebaseAuth in Frameworks */,
				16C2DC07281486A6007F3F09 /* FirebaseFirestore in Frameworks */,
			);
			runOnlyForDeploymentPostprocessing = 0;
		};
/* End PBXFrameworksBuildPhase section */

/* Begin PBXGroup section */
		161D6953280F3EEC00AE1AAA = {
			isa = PBXGroup;
			children = (
				161D695E280F3EEC00AE1AAA /* AryanBishtApp */,
				161D695D280F3EEC00AE1AAA /* Products */,
			);
			sourceTree = "<group>";
		};
		161D695D280F3EEC00AE1AAA /* Products */ = {
			isa = PBXGroup;
			children = (
				161D695C280F3EEC00AE1AAA /* AryanBishtApp.app */,
			);
			name = Products;
			sourceTree = "<group>";
		};
		161D695E280F3EEC00AE1AAA /* AryanBishtApp */ = {
			isa = PBXGroup;
			children = (
				16C2DC1028160E3C007F3F09 /* accountDetails.swift */,
				161D695F280F3EEC00AE1AAA /* AppDelegate.swift */,
				161D6961280F3EEC00AE1AAA /* SceneDelegate.swift */,
				161D6965280F3EEC00AE1AAA /* Main.storyboard */,
				16C2DC0A2814ADEC007F3F09 /* Constants.swift */,
				16C2DBF828139014007F3F09 /* signUpViewController.swift */,
				16C2DBFA2813901D007F3F09 /* loginViewController.swift */,
				16C2DC1228173926007F3F09 /* jobListing.swift */,
				16C2DC1428173B81007F3F09 /* viewModel.swift */,
				16C2DBF6281361F9007F3F09 /* accountViewController.swift */,
				161D6963280F3EEC00AE1AAA /* StartPageViewController.swift */,
				16C2DBF02811D92D007F3F09 /* ApplicationViewController.swift */,
				16C2DBEE2811C960007F3F09 /* categoryViewController.swift */,
				16C2DBEC2811C185007F3F09 /* jobListingViewController.swift */,
				16C2DBFC28148256007F3F09 /* Utilities.swift */,
				161D6968280F3EED00AE1AAA /* Assets.xcassets */,
				161D696A280F3EED00AE1AAA /* LaunchScreen.storyboard */,
				161D696D280F3EED00AE1AAA /* Info.plist */,
				16C2DBF42811FB66007F3F09 /* GoogleService-Info.plist */,
			);
			path = AryanBishtApp;
			sourceTree = "<group>";
		};
/* End PBXGroup section */

/* Begin PBXNativeTarget section */
		161D695B280F3EEC00AE1AAA /* AryanBishtApp */ = {
			isa = PBXNativeTarget;
			buildConfigurationList = 161D6970280F3EED00AE1AAA /* Build configuration list for PBXNativeTarget "AryanBishtApp" */;
			buildPhases = (
				161D6958280F3EEC00AE1AAA /* Sources */,
				161D6959280F3EEC00AE1AAA /* Frameworks */,
				161D695A280F3EEC00AE1AAA /* Resources */,
			);
			buildRules = (
			);
			dependencies = (
			);
			name = AryanBishtApp;
			packageProductDependencies = (
				16C2DC02281486A6007F3F09 /* FirebaseAuth */,
				16C2DC04281486A6007F3F09 /* FirebaseDatabase */,
				16C2DC06281486A6007F3F09 /* FirebaseFirestore */,
				16C2DC08281486A6007F3F09 /* FirebaseStorage */,
			);
			productName = AryanBishtApp;
			productReference = 161D695C280F3EEC00AE1AAA /* AryanBishtApp.app */;
			productType = "com.apple.product-type.application";
		};
/* End PBXNativeTarget section */

/* Begin PBXProject section */
		161D6954280F3EEC00AE1AAA /* Project object */ = {
			isa = PBXProject;
			attributes = {
				BuildIndependentTargetsInParallel = 1;
				LastSwiftUpdateCheck = 1330;
				LastUpgradeCheck = 1330;
				TargetAttributes = {
					161D695B280F3EEC00AE1AAA = {
						CreatedOnToolsVersion = 13.3.1;
					};
				};
			};
			buildConfigurationList = 161D6957280F3EEC00AE1AAA /* Build configuration list for PBXProject "AryanBishtApp" */;
			compatibilityVersion = "Xcode 13.0";
			developmentRegion = en;
			hasScannedForEncodings = 0;
			knownRegions = (
				en,
				Base,
			);
			mainGroup = 161D6953280F3EEC00AE1AAA;
			packageReferences = (
				16C2DC01281486A6007F3F09 /* XCRemoteSwiftPackageReference "firebase-ios-sdk" */,
			);
			productRefGroup = 161D695D280F3EEC00AE1AAA /* Products */;
			projectDirPath = "";
			projectRoot = "";
			targets = (
				161D695B280F3EEC00AE1AAA /* AryanBishtApp */,
			);
		};
/* End PBXProject section */

/* Begin PBXResourcesBuildPhase section */
		161D695A280F3EEC00AE1AAA /* Resources */ = {
			isa = PBXResourcesBuildPhase;
			buildActionMask = 2147483647;
			files = (
				161D696C280F3EED00AE1AAA /* LaunchScreen.storyboard in Resources */,
				16C2DBF52811FB66007F3F09 /* GoogleService-Info.plist in Resources */,
				161D6969280F3EED00AE1AAA /* Assets.xcassets in Resources */,
				161D6967280F3EEC00AE1AAA /* Main.storyboard in Resources */,
			);
			runOnlyForDeploymentPostprocessing = 0;
		};
/* End PBXResourcesBuildPhase section */

/* Begin PBXSourcesBuildPhase section */
		161D6958280F3EEC00AE1AAA /* Sources */ = {
			isa = PBXSourcesBuildPhase;
			buildActionMask = 2147483647;
			files = (
				161D6964280F3EEC00AE1AAA /* StartPageViewController.swift in Sources */,
				16C2DC0B2814ADEC007F3F09 /* Constants.swift in Sources */,
				16C2DBED2811C185007F3F09 /* jobListingViewController.swift in Sources */,
				16C2DC1328173926007F3F09 /* jobListing.swift in Sources */,
				16C2DBF928139014007F3F09 /* signUpViewController.swift in Sources */,
				16C2DBF7281361F9007F3F09 /* accountViewController.swift in Sources */,
				16C2DC1128160E3C007F3F09 /* accountDetails.swift in Sources */,
				16C2DBEF2811C960007F3F09 /* categoryViewController.swift in Sources */,
				161D6960280F3EEC00AE1AAA /* AppDelegate.swift in Sources */,
				161D6962280F3EEC00AE1AAA /* SceneDelegate.swift in Sources */,
				16C2DBF12811D92D007F3F09 /* ApplicationViewController.swift in Sources */,
				16C2DBFD28148256007F3F09 /* Utilities.swift in Sources */,
				16C2DC1528173B81007F3F09 /* viewModel.swift in Sources */,
				16C2DBFB2813901D007F3F09 /* loginViewController.swift in Sources */,
			);
			runOnlyForDeploymentPostprocessing = 0;
		};
/* End PBXSourcesBuildPhase section */

/* Begin PBXVariantGroup section */
		161D6965280F3EEC00AE1AAA /* Main.storyboard */ = {
			isa = PBXVariantGroup;
			children = (
				161D6966280F3EEC00AE1AAA /* Base */,
			);
			name = Main.storyboard;
			sourceTree = "<group>";
		};
		161D696A280F3EED00AE1AAA /* LaunchScreen.storyboard */ = {
			isa = PBXVariantGroup;
			children = (
				161D696B280F3EED00AE1AAA /* Base */,
			);
			name = LaunchScreen.storyboard;
			sourceTree = "<group>";
		};
/* End PBXVariantGroup section */

/* Begin XCBuildConfiguration section */
		161D696E280F3EED00AE1AAA /* Debug */ = {
			isa = XCBuildConfiguration;
			buildSettings = {
				ALWAYS_SEARCH_USER_PATHS = NO;
				CLANG_ANALYZER_NONNULL = YES;
				CLANG_ANALYZER_NUMBER_OBJECT_CONVERSION = YES_AGGRESSIVE;
				CLANG_CXX_LANGUAGE_STANDARD = "gnu++17";
				CLANG_ENABLE_MODULES = YES;
				CLANG_ENABLE_OBJC_ARC = YES;
				CLANG_ENABLE_OBJC_WEAK = YES;
				CLANG_WARN_BLOCK_CAPTURE_AUTORELEASING = YES;
				CLANG_WARN_BOOL_CONVERSION = YES;
				CLANG_WARN_COMMA = YES;
				CLANG_WARN_CONSTANT_CONVERSION = YES;
				CLANG_WARN_DEPRECATED_OBJC_IMPLEMENTATIONS = YES;
				CLANG_WARN_DIRECT_OBJC_ISA_USAGE = YES_ERROR;
				CLANG_WARN_DOCUMENTATION_COMMENTS = YES;
				CLANG_WARN_EMPTY_BODY = YES;
				CLANG_WARN_ENUM_CONVERSION = YES;
				CLANG_WARN_INFINITE_RECURSION = YES;
				CLANG_WARN_INT_CONVERSION = YES;
				CLANG_WARN_NON_LITERAL_NULL_CONVERSION = YES;
				CLANG_WARN_OBJC_IMPLICIT_RETAIN_SELF = YES;
				CLANG_WARN_OBJC_LITERAL_CONVERSION = YES;
				CLANG_WARN_OBJC_ROOT_CLASS = YES_ERROR;
				CLANG_WARN_QUOTED_INCLUDE_IN_FRAMEWORK_HEADER = YES;
				CLANG_WARN_RANGE_LOOP_ANALYSIS = YES;
				CLANG_WARN_STRICT_PROTOTYPES = YES;
				CLANG_WARN_SUSPICIOUS_MOVE = YES;
				CLANG_WARN_UNGUARDED_AVAILABILITY = YES_AGGRESSIVE;
				CLANG_WARN_UNREACHABLE_CODE = YES;
				CLANG_WARN__DUPLICATE_METHOD_MATCH = YES;
				COPY_PHASE_STRIP = NO;
				DEBUG_INFORMATION_FORMAT = dwarf;
				ENABLE_STRICT_OBJC_MSGSEND = YES;
				ENABLE_TESTABILITY = YES;
				GCC_C_LANGUAGE_STANDARD = gnu11;
				GCC_DYNAMIC_NO_PIC = NO;
				GCC_NO_COMMON_BLOCKS = YES;
				GCC_OPTIMIZATION_LEVEL = 0;
				GCC_PREPROCESSOR_DEFINITIONS = (
					"DEBUG=1",
					"$(inherited)",
				);
				GCC_WARN_64_TO_32_BIT_CONVERSION = YES;
				GCC_WARN_ABOUT_RETURN_TYPE = YES_ERROR;
				GCC_WARN_UNDECLARED_SELECTOR = YES;
				GCC_WARN_UNINITIALIZED_AUTOS = YES_AGGRESSIVE;
				GCC_WARN_UNUSED_FUNCTION = YES;
				GCC_WARN_UNUSED_VARIABLE = YES;
				IPHONEOS_DEPLOYMENT_TARGET = 15.4;
				MTL_ENABLE_DEBUG_INFO = INCLUDE_SOURCE;
				MTL_FAST_MATH = YES;
				ONLY_ACTIVE_ARCH = YES;
				SDKROOT = iphoneos;
				SWIFT_ACTIVE_COMPILATION_CONDITIONS = DEBUG;
				SWIFT_OPTIMIZATION_LEVEL = "-Onone";
			};
			name = Debug;
		};
		161D696F280F3EED00AE1AAA /* Release */ = {
			isa = XCBuildConfiguration;
			buildSettings = {
				ALWAYS_SEARCH_USER_PATHS = NO;
				CLANG_ANALYZER_NONNULL = YES;
				CLANG_ANALYZER_NUMBER_OBJECT_CONVERSION = YES_AGGRESSIVE;
				CLANG_CXX_LANGUAGE_STANDARD = "gnu++17";
				CLANG_ENABLE_MODULES = YES;
				CLANG_ENABLE_OBJC_ARC = YES;
				CLANG_ENABLE_OBJC_WEAK = YES;
				CLANG_WARN_BLOCK_CAPTURE_AUTORELEASING = YES;
				CLANG_WARN_BOOL_CONVERSION = YES;
				CLANG_WARN_COMMA = YES;
				CLANG_WARN_CONSTANT_CONVERSION = YES;
				CLANG_WARN_DEPRECATED_OBJC_IMPLEMENTATIONS = YES;
				CLANG_WARN_DIRECT_OBJC_ISA_USAGE = YES_ERROR;
				CLANG_WARN_DOCUMENTATION_COMMENTS = YES;
				CLANG_WARN_EMPTY_BODY = YES;
				CLANG_WARN_ENUM_CONVERSION = YES;
				CLANG_WARN_INFINITE_RECURSION = YES;
				CLANG_WARN_INT_CONVERSION = YES;
				CLANG_WARN_NON_LITERAL_NULL_CONVERSION = YES;
				CLANG_WARN_OBJC_IMPLICIT_RETAIN_SELF = YES;
				CLANG_WARN_OBJC_LITERAL_CONVERSION = YES;
				CLANG_WARN_OBJC_ROOT_CLASS = YES_ERROR;
				CLANG_WARN_QUOTED_INCLUDE_IN_FRAMEWORK_HEADER = YES;
				CLANG_WARN_RANGE_LOOP_ANALYSIS = YES;
				CLANG_WARN_STRICT_PROTOTYPES = YES;
				CLANG_WARN_SUSPICIOUS_MOVE = YES;
				CLANG_WARN_UNGUARDED_AVAILABILITY = YES_AGGRESSIVE;
				CLANG_WARN_UNREACHABLE_CODE = YES;
				CLANG_WARN__DUPLICATE_METHOD_MATCH = YES;
				COPY_PHASE_STRIP = NO;
				DEBUG_INFORMATION_FORMAT = "dwarf-with-dsym";
				ENABLE_NS_ASSERTIONS = NO;
				ENABLE_STRICT_OBJC_MSGSEND = YES;
				GCC_C_LANGUAGE_STANDARD = gnu11;
				GCC_NO_COMMON_BLOCKS = YES;
				GCC_WARN_64_TO_32_BIT_CONVERSION = YES;
				GCC_WARN_ABOUT_RETURN_TYPE = YES_ERROR;
				GCC_WARN_UNDECLARED_SELECTOR = YES;
				GCC_WARN_UNINITIALIZED_AUTOS = YES_AGGRESSIVE;
				GCC_WARN_UNUSED_FUNCTION = YES;
				GCC_WARN_UNUSED_VARIABLE = YES;
				IPHONEOS_DEPLOYMENT_TARGET = 15.4;
				MTL_ENABLE_DEBUG_INFO = NO;
				MTL_FAST_MATH = YES;
				SDKROOT = iphoneos;
				SWIFT_COMPILATION_MODE = wholemodule;
				SWIFT_OPTIMIZATION_LEVEL = "-O";
				VALIDATE_PRODUCT = YES;
			};
			name = Release;
		};
		161D6971280F3EED00AE1AAA /* Debug */ = {
			isa = XCBuildConfiguration;
			buildSettings = {
				ASSETCATALOG_COMPILER_APPICON_NAME = AppIcon;
				ASSETCATALOG_COMPILER_GLOBAL_ACCENT_COLOR_NAME = AccentColor;
				CODE_SIGN_STYLE = Automatic;
				CURRENT_PROJECT_VERSION = 1;
				DEVELOPMENT_TEAM = GJL8B2SHVD;
				GENERATE_INFOPLIST_FILE = YES;
				INFOPLIST_FILE = AryanBishtApp/Info.plist;
				INFOPLIST_KEY_UIApplicationSupportsIndirectInputEvents = YES;
				INFOPLIST_KEY_UILaunchStoryboardName = LaunchScreen;
				INFOPLIST_KEY_UIMainStoryboardFile = Main;
				INFOPLIST_KEY_UISupportedInterfaceOrientations_iPad = "UIInterfaceOrientationPortrait UIInterfaceOrientationPortraitUpsideDown UIInterfaceOrientationLandscapeLeft UIInterfaceOrientationLandscapeRight";
				INFOPLIST_KEY_UISupportedInterfaceOrientations_iPhone = "UIInterfaceOrientationPortrait UIInterfaceOrientationLandscapeLeft UIInterfaceOrientationLandscapeRight";
				LD_RUNPATH_SEARCH_PATHS = (
					"$(inherited)",
					"@executable_path/Frameworks",
				);
				MARKETING_VERSION = 1.0;
				PRODUCT_BUNDLE_IDENTIFIER = Aditya.AryanBishtApp;
				PRODUCT_NAME = "$(TARGET_NAME)";
				SWIFT_EMIT_LOC_STRINGS = YES;
				SWIFT_VERSION = 5.0;
				TARGETED_DEVICE_FAMILY = "1,2";
			};
			name = Debug;
		};
		161D6972280F3EED00AE1AAA /* Release */ = {
			isa = XCBuildConfiguration;
			buildSettings = {
				ASSETCATALOG_COMPILER_APPICON_NAME = AppIcon;
				ASSETCATALOG_COMPILER_GLOBAL_ACCENT_COLOR_NAME = AccentColor;
				CODE_SIGN_STYLE = Automatic;
				CURRENT_PROJECT_VERSION = 1;
				DEVELOPMENT_TEAM = GJL8B2SHVD;
				GENERATE_INFOPLIST_FILE = YES;
				INFOPLIST_FILE = AryanBishtApp/Info.plist;
				INFOPLIST_KEY_UIApplicationSupportsIndirectInputEvents = YES;
				INFOPLIST_KEY_UILaunchStoryboardName = LaunchScreen;
				INFOPLIST_KEY_UIMainStoryboardFile = Main;
				INFOPLIST_KEY_UISupportedInterfaceOrientations_iPad = "UIInterfaceOrientationPortrait UIInterfaceOrientationPortraitUpsideDown UIInterfaceOrientationLandscapeLeft UIInterfaceOrientationLandscapeRight";
				INFOPLIST_KEY_UISupportedInterfaceOrientations_iPhone = "UIInterfaceOrientationPortrait UIInterfaceOrientationLandscapeLeft UIInterfaceOrientationLandscapeRight";
				LD_RUNPATH_SEARCH_PATHS = (
					"$(inherited)",
					"@executable_path/Frameworks",
				);
				MARKETING_VERSION = 1.0;
				PRODUCT_BUNDLE_IDENTIFIER = Aditya.AryanBishtApp;
				PRODUCT_NAME = "$(TARGET_NAME)";
				SWIFT_EMIT_LOC_STRINGS = YES;
				SWIFT_VERSION = 5.0;
				TARGETED_DEVICE_FAMILY = "1,2";
			};
			name = Release;
		};
/* End XCBuildConfiguration section */

/* Begin XCConfigurationList section */
		161D6957280F3EEC00AE1AAA /* Build configuration list for PBXProject "AryanBishtApp" */ = {
			isa = XCConfigurationList;
			buildConfigurations = (
				161D696E280F3EED00AE1AAA /* Debug */,
				161D696F280F3EED00AE1AAA /* Release */,
			);
			defaultConfigurationIsVisible = 0;
			defaultConfigurationName = Release;
		};
		161D6970280F3EED00AE1AAA /* Build configuration list for PBXNativeTarget "AryanBishtApp" */ = {
			isa = XCConfigurationList;
			buildConfigurations = (
				161D6971280F3EED00AE1AAA /* Debug */,
				161D6972280F3EED00AE1AAA /* Release */,
			);
			defaultConfigurationIsVisible = 0;
			defaultConfigurationName = Release;
		};
/* End XCConfigurationList section */

/* Begin XCRemoteSwiftPackageReference section */
		16C2DC01281486A6007F3F09 /* XCRemoteSwiftPackageReference "firebase-ios-sdk" */ = {
			isa = XCRemoteSwiftPackageReference;
			repositoryURL = "https://github.com/firebase/firebase-ios-sdk.git";
			requirement = {
				branch = master;
				kind = branch;
			};
		};
/* End XCRemoteSwiftPackageReference section */

/* Begin XCSwiftPackageProductDependency section */
		16C2DC02281486A6007F3F09 /* FirebaseAuth */ = {
			isa = XCSwiftPackageProductDependency;
			package = 16C2DC01281486A6007F3F09 /* XCRemoteSwiftPackageReference "firebase-ios-sdk" */;
			productName = FirebaseAuth;
		};
		16C2DC04281486A6007F3F09 /* FirebaseDatabase */ = {
			isa = XCSwiftPackageProductDependency;
			package = 16C2DC01281486A6007F3F09 /* XCRemoteSwiftPackageReference "firebase-ios-sdk" */;
			productName = FirebaseDatabase;
		};
		16C2DC06281486A6007F3F09 /* FirebaseFirestore */ = {
			isa = XCSwiftPackageProductDependency;
			package = 16C2DC01281486A6007F3F09 /* XCRemoteSwiftPackageReference "firebase-ios-sdk" */;
			productName = FirebaseFirestore;
		};
		16C2DC08281486A6007F3F09 /* FirebaseStorage */ = {
			isa = XCSwiftPackageProductDependency;
			package = 16C2DC01281486A6007F3F09 /* XCRemoteSwiftPackageReference "firebase-ios-sdk" */;
			productName = FirebaseStorage;
		};
/* End XCSwiftPackageProductDependency section */
	};
	rootObject = 161D6954280F3EEC00AE1AAA /* Project object */;
}
